// !$*UTF8*$!
{
	archiveVersion = 1;
	classes = {
	};
	objectVersion = 46;
	objects = {

/* Begin PBXBuildFile section */
		4C2283351B5C7FF2005FED49 /* AppDelegate.swift in Sources */ = {isa = PBXBuildFile; fileRef = 4C2283341B5C7FF2005FED49 /* AppDelegate.swift */; };
		4C2283371B5C7FF2005FED49 /* LogInViewController.swift in Sources */ = {isa = PBXBuildFile; fileRef = 4C2283361B5C7FF2005FED49 /* LogInViewController.swift */; };
		4C22833C1B5C7FF2005FED49 /* Images.xcassets in Resources */ = {isa = PBXBuildFile; fileRef = 4C22833B1B5C7FF2005FED49 /* Images.xcassets */; };
		4C22833F1B5C7FF2005FED49 /* LaunchScreen.xib in Resources */ = {isa = PBXBuildFile; fileRef = 4C22833D1B5C7FF2005FED49 /* LaunchScreen.xib */; };
		4C22834B1B5C7FF2005FED49 /* OnTheMapTests.swift in Sources */ = {isa = PBXBuildFile; fileRef = 4C22834A1B5C7FF2005FED49 /* OnTheMapTests.swift */; };
		4C2283611B5C9084005FED49 /* LaunchImage.png in Resources */ = {isa = PBXBuildFile; fileRef = 4C2283601B5C9084005FED49 /* LaunchImage.png */; };
		4C2283631B5C9EB0005FED49 /* CustomTextField.swift in Sources */ = {isa = PBXBuildFile; fileRef = 4C2283621B5C9EB0005FED49 /* CustomTextField.swift */; };
		4C2CB5B31B65D19A001FA14C /* FBSDKCoreKit.framework in Frameworks */ = {isa = PBXBuildFile; fileRef = 4C2CB5B21B65D19A001FA14C /* FBSDKCoreKit.framework */; };
		4C2CB5B91B65D836001FA14C /* FBSDKLoginKit.framework in Frameworks */ = {isa = PBXBuildFile; fileRef = 4C2CB5B81B65D836001FA14C /* FBSDKLoginKit.framework */; };
		4C6B8EC01B69B02D00F08CC2 /* Student.swift in Sources */ = {isa = PBXBuildFile; fileRef = 4C6B8EBF1B69B02D00F08CC2 /* Student.swift */; };
		4CE585001B6705250045CBAA /* UdacityLogin.swift in Sources */ = {isa = PBXBuildFile; fileRef = 4CE584FF1B6705250045CBAA /* UdacityLogin.swift */; };
		4CE585021B67061E0045CBAA /* Constants.swift in Sources */ = {isa = PBXBuildFile; fileRef = 4CE585011B67061E0045CBAA /* Constants.swift */; };
		4CE585051B672B310045CBAA /* ParseConstants.swift in Sources */ = {isa = PBXBuildFile; fileRef = 4CE585041B672B310045CBAA /* ParseConstants.swift */; };
		4CE585071B672B6C0045CBAA /* StudentInformation.swift in Sources */ = {isa = PBXBuildFile; fileRef = 4CE585061B672B6C0045CBAA /* StudentInformation.swift */; };
		4CE585091B672D1D0045CBAA /* ParseClient.swift in Sources */ = {isa = PBXBuildFile; fileRef = 4CE585081B672D1D0045CBAA /* ParseClient.swift */; };
		4CEB32431B631E4400673D67 /* MapViewController.swift in Sources */ = {isa = PBXBuildFile; fileRef = 4CEB32421B631E4400673D67 /* MapViewController.swift */; };
		4CEB32451B63283000673D67 /* Main.storyboard in Resources */ = {isa = PBXBuildFile; fileRef = 4CEB32441B63283000673D67 /* Main.storyboard */; };
		4CEB32471B6329C400673D67 /* PinTableViewController.swift in Sources */ = {isa = PBXBuildFile; fileRef = 4CEB32461B6329C400673D67 /* PinTableViewController.swift */; };
		4CEB32491B6339E100673D67 /* PostingViewController.swift in Sources */ = {isa = PBXBuildFile; fileRef = 4CEB32481B6339E100673D67 /* PostingViewController.swift */; };
/* End PBXBuildFile section */

/* Begin PBXContainerItemProxy section */
		4C2283451B5C7FF2005FED49 /* PBXContainerItemProxy */ = {
			isa = PBXContainerItemProxy;
			containerPortal = 4C2283271B5C7FF2005FED49 /* Project object */;
			proxyType = 1;
			remoteGlobalIDString = 4C22832E1B5C7FF2005FED49;
			remoteInfo = OnTheMap;
		};
/* End PBXContainerItemProxy section */

/* Begin PBXFileReference section */
		4C22832F1B5C7FF2005FED49 /* OnTheMap.app */ = {isa = PBXFileReference; explicitFileType = wrapper.application; includeInIndex = 0; path = OnTheMap.app; sourceTree = BUILT_PRODUCTS_DIR; };
		4C2283331B5C7FF2005FED49 /* Info.plist */ = {isa = PBXFileReference; lastKnownFileType = text.plist.xml; path = Info.plist; sourceTree = "<group>"; };
		4C2283341B5C7FF2005FED49 /* AppDelegate.swift */ = {isa = PBXFileReference; lastKnownFileType = sourcecode.swift; path = AppDelegate.swift; sourceTree = "<group>"; };
		4C2283361B5C7FF2005FED49 /* LogInViewController.swift */ = {isa = PBXFileReference; lastKnownFileType = sourcecode.swift; path = LogInViewController.swift; sourceTree = "<group>"; };
		4C22833B1B5C7FF2005FED49 /* Images.xcassets */ = {isa = PBXFileReference; lastKnownFileType = folder.assetcatalog; path = Images.xcassets; sourceTree = "<group>"; };
		4C22833E1B5C7FF2005FED49 /* Base */ = {isa = PBXFileReference; lastKnownFileType = file.xib; name = Base; path = Base.lproj/LaunchScreen.xib; sourceTree = "<group>"; };
		4C2283441B5C7FF2005FED49 /* OnTheMapTests.xctest */ = {isa = PBXFileReference; explicitFileType = wrapper.cfbundle; includeInIndex = 0; path = OnTheMapTests.xctest; sourceTree = BUILT_PRODUCTS_DIR; };
		4C2283491B5C7FF2005FED49 /* Info.plist */ = {isa = PBXFileReference; lastKnownFileType = text.plist.xml; path = Info.plist; sourceTree = "<group>"; };
		4C22834A1B5C7FF2005FED49 /* OnTheMapTests.swift */ = {isa = PBXFileReference; lastKnownFileType = sourcecode.swift; path = OnTheMapTests.swift; sourceTree = "<group>"; };
		4C2283601B5C9084005FED49 /* LaunchImage.png */ = {isa = PBXFileReference; lastKnownFileType = image.png; path = LaunchImage.png; sourceTree = "<group>"; };
		4C2283621B5C9EB0005FED49 /* CustomTextField.swift */ = {isa = PBXFileReference; fileEncoding = 4; lastKnownFileType = sourcecode.swift; path = CustomTextField.swift; sourceTree = "<group>"; };
		4C2CB5B21B65D19A001FA14C /* FBSDKCoreKit.framework */ = {isa = PBXFileReference; lastKnownFileType = wrapper.framework; name = FBSDKCoreKit.framework; path = ../../../../Documents/FacebookSDK/FBSDKCoreKit.framework; sourceTree = "<group>"; };
		4C2CB5B71B65D6F0001FA14C /* Bridging_Header.h */ = {isa = PBXFileReference; lastKnownFileType = sourcecode.c.h; path = Bridging_Header.h; sourceTree = "<group>"; };
		4C2CB5B81B65D836001FA14C /* FBSDKLoginKit.framework */ = {isa = PBXFileReference; lastKnownFileType = wrapper.framework; name = FBSDKLoginKit.framework; path = ../../../../Documents/FacebookSDK/FBSDKLoginKit.framework; sourceTree = "<group>"; };
		4C6B8EBF1B69B02D00F08CC2 /* Student.swift */ = {isa = PBXFileReference; fileEncoding = 4; lastKnownFileType = sourcecode.swift; path = Student.swift; sourceTree = "<group>"; };
		4CE584FF1B6705250045CBAA /* UdacityLogin.swift */ = {isa = PBXFileReference; fileEncoding = 4; lastKnownFileType = sourcecode.swift; path = UdacityLogin.swift; sourceTree = "<group>"; };
		4CE585011B67061E0045CBAA /* Constants.swift */ = {isa = PBXFileReference; fileEncoding = 4; lastKnownFileType = sourcecode.swift; path = Constants.swift; sourceTree = "<group>"; };
		4CE585041B672B310045CBAA /* ParseConstants.swift */ = {isa = PBXFileReference; fileEncoding = 4; lastKnownFileType = sourcecode.swift; path = ParseConstants.swift; sourceTree = "<group>"; };
		4CE585061B672B6C0045CBAA /* StudentInformation.swift */ = {isa = PBXFileReference; fileEncoding = 4; lastKnownFileType = sourcecode.swift; path = StudentInformation.swift; sourceTree = "<group>"; };
		4CE585081B672D1D0045CBAA /* ParseClient.swift */ = {isa = PBXFileReference; fileEncoding = 4; lastKnownFileType = sourcecode.swift; path = ParseClient.swift; sourceTree = "<group>"; };
		4CEB32421B631E4400673D67 /* MapViewController.swift */ = {isa = PBXFileReference; fileEncoding = 4; lastKnownFileType = sourcecode.swift; path = MapViewController.swift; sourceTree = "<group>"; };
		4CEB32441B63283000673D67 /* Main.storyboard */ = {isa = PBXFileReference; fileEncoding = 4; lastKnownFileType = file.storyboard; path = Main.storyboard; sourceTree = "<group>"; };
		4CEB32461B6329C400673D67 /* PinTableViewController.swift */ = {isa = PBXFileReference; fileEncoding = 4; lastKnownFileType = sourcecode.swift; path = PinTableViewController.swift; sourceTree = "<group>"; };
		4CEB32481B6339E100673D67 /* PostingViewController.swift */ = {isa = PBXFileReference; fileEncoding = 4; lastKnownFileType = sourcecode.swift; path = PostingViewController.swift; sourceTree = "<group>"; };
/* End PBXFileReference section */

/* Begin PBXFrameworksBuildPhase section */
		4C22832C1B5C7FF2005FED49 /* Frameworks */ = {
			isa = PBXFrameworksBuildPhase;
			buildActionMask = 2147483647;
			files = (
				4C2CB5B91B65D836001FA14C /* FBSDKLoginKit.framework in Frameworks */,
				4C2CB5B31B65D19A001FA14C /* FBSDKCoreKit.framework in Frameworks */,
			);
			runOnlyForDeploymentPostprocessing = 0;
		};
		4C2283411B5C7FF2005FED49 /* Frameworks */ = {
			isa = PBXFrameworksBuildPhase;
			buildActionMask = 2147483647;
			files = (
			);
			runOnlyForDeploymentPostprocessing = 0;
		};
/* End PBXFrameworksBuildPhase section */

/* Begin PBXGroup section */
		4C2283261B5C7FF2005FED49 = {
			isa = PBXGroup;
			children = (
				4C2283311B5C7FF2005FED49 /* OnTheMap */,
				4C2283471B5C7FF2005FED49 /* OnTheMapTests */,
				4C2283301B5C7FF2005FED49 /* Products */,
			);
			sourceTree = "<group>";
		};
		4C2283301B5C7FF2005FED49 /* Products */ = {
			isa = PBXGroup;
			children = (
				4C22832F1B5C7FF2005FED49 /* OnTheMap.app */,
				4C2283441B5C7FF2005FED49 /* OnTheMapTests.xctest */,
			);
			name = Products;
			sourceTree = "<group>";
		};
		4C2283311B5C7FF2005FED49 /* OnTheMap */ = {
			isa = PBXGroup;
			children = (
				4CE585031B672B1C0045CBAA /* ParseModel */,
				4CEB324D1B648ABC00673D67 /* UdacityModel */,
				4CEB324A1B6341F300673D67 /* View */,
				4CEB32411B631E2B00673D67 /* Controller */,
				4C2283341B5C7FF2005FED49 /* AppDelegate.swift */,
				4CEB32441B63283000673D67 /* Main.storyboard */,
				4C22833B1B5C7FF2005FED49 /* Images.xcassets */,
				4C22833D1B5C7FF2005FED49 /* LaunchScreen.xib */,
				4C2CB5B81B65D836001FA14C /* FBSDKLoginKit.framework */,
				4C2CB5B21B65D19A001FA14C /* FBSDKCoreKit.framework */,
				4C2283321B5C7FF2005FED49 /* Supporting Files */,
				4C2CB5B71B65D6F0001FA14C /* Bridging_Header.h */,
			);
			path = OnTheMap;
			sourceTree = "<group>";
		};
		4C2283321B5C7FF2005FED49 /* Supporting Files */ = {
			isa = PBXGroup;
			children = (
				4C2283601B5C9084005FED49 /* LaunchImage.png */,
				4C2283331B5C7FF2005FED49 /* Info.plist */,
			);
			name = "Supporting Files";
			sourceTree = "<group>";
		};
		4C2283471B5C7FF2005FED49 /* OnTheMapTests */ = {
			isa = PBXGroup;
			children = (
				4C22834A1B5C7FF2005FED49 /* OnTheMapTests.swift */,
				4C2283481B5C7FF2005FED49 /* Supporting Files */,
			);
			path = OnTheMapTests;
			sourceTree = "<group>";
		};
		4C2283481B5C7FF2005FED49 /* Supporting Files */ = {
			isa = PBXGroup;
			children = (
				4C2283491B5C7FF2005FED49 /* Info.plist */,
			);
			name = "Supporting Files";
			sourceTree = "<group>";
		};
		4CE585031B672B1C0045CBAA /* ParseModel */ = {
			isa = PBXGroup;
			children = (
				4CE585041B672B310045CBAA /* ParseConstants.swift */,
				4CE585081B672D1D0045CBAA /* ParseClient.swift */,
				4CE585061B672B6C0045CBAA /* StudentInformation.swift */,
				4C6B8EBF1B69B02D00F08CC2 /* Student.swift */,
			);
			name = ParseModel;
			sourceTree = "<group>";
		};
		4CEB32411B631E2B00673D67 /* Controller */ = {
			isa = PBXGroup;
			children = (
				4C2283361B5C7FF2005FED49 /* LogInViewController.swift */,
				4CEB32421B631E4400673D67 /* MapViewController.swift */,
				4CEB32461B6329C400673D67 /* PinTableViewController.swift */,
				4CEB32481B6339E100673D67 /* PostingViewController.swift */,
			);
			name = Controller;
			sourceTree = "<group>";
		};
		4CEB324A1B6341F300673D67 /* View */ = {
			isa = PBXGroup;
			children = (
				4C2283621B5C9EB0005FED49 /* CustomTextField.swift */,
			);
			name = View;
			sourceTree = "<group>";
		};
		4CEB324D1B648ABC00673D67 /* UdacityModel */ = {
			isa = PBXGroup;
			children = (
				4CE584FF1B6705250045CBAA /* UdacityLogin.swift */,
				4CE585011B67061E0045CBAA /* Constants.swift */,
			);
			name = UdacityModel;
			sourceTree = "<group>";
		};
/* End PBXGroup section */

/* Begin PBXNativeTarget section */
		4C22832E1B5C7FF2005FED49 /* OnTheMap */ = {
			isa = PBXNativeTarget;
			buildConfigurationList = 4C22834E1B5C7FF2005FED49 /* Build configuration list for PBXNativeTarget "OnTheMap" */;
			buildPhases = (
				4C22832B1B5C7FF2005FED49 /* Sources */,
				4C22832C1B5C7FF2005FED49 /* Frameworks */,
				4C22832D1B5C7FF2005FED49 /* Resources */,
			);
			buildRules = (
			);
			dependencies = (
			);
			name = OnTheMap;
			productName = OnTheMap;
			productReference = 4C22832F1B5C7FF2005FED49 /* OnTheMap.app */;
			productType = "com.apple.product-type.application";
		};
		4C2283431B5C7FF2005FED49 /* OnTheMapTests */ = {
			isa = PBXNativeTarget;
			buildConfigurationList = 4C2283511B5C7FF2005FED49 /* Build configuration list for PBXNativeTarget "OnTheMapTests" */;
			buildPhases = (
				4C2283401B5C7FF2005FED49 /* Sources */,
				4C2283411B5C7FF2005FED49 /* Frameworks */,
				4C2283421B5C7FF2005FED49 /* Resources */,
			);
			buildRules = (
			);
			dependencies = (
				4C2283461B5C7FF2005FED49 /* PBXTargetDependency */,
			);
			name = OnTheMapTests;
			productName = OnTheMapTests;
			productReference = 4C2283441B5C7FF2005FED49 /* OnTheMapTests.xctest */;
			productType = "com.apple.product-type.bundle.unit-test";
		};
/* End PBXNativeTarget section */

/* Begin PBXProject section */
		4C2283271B5C7FF2005FED49 /* Project object */ = {
			isa = PBXProject;
			attributes = {
				LastUpgradeCheck = 0640;
				ORGANIZATIONNAME = "Michael Nichols";
				TargetAttributes = {
					4C22832E1B5C7FF2005FED49 = {
						CreatedOnToolsVersion = 6.4;
					};
					4C2283431B5C7FF2005FED49 = {
						CreatedOnToolsVersion = 6.4;
						TestTargetID = 4C22832E1B5C7FF2005FED49;
					};
				};
			};
			buildConfigurationList = 4C22832A1B5C7FF2005FED49 /* Build configuration list for PBXProject "OnTheMap" */;
			compatibilityVersion = "Xcode 3.2";
			developmentRegion = English;
			hasScannedForEncodings = 0;
			knownRegions = (
				en,
				Base,
			);
			mainGroup = 4C2283261B5C7FF2005FED49;
			productRefGroup = 4C2283301B5C7FF2005FED49 /* Products */;
			projectDirPath = "";
			projectRoot = "";
			targets = (
				4C22832E1B5C7FF2005FED49 /* OnTheMap */,
				4C2283431B5C7FF2005FED49 /* OnTheMapTests */,
			);
		};
/* End PBXProject section */

/* Begin PBXResourcesBuildPhase section */
		4C22832D1B5C7FF2005FED49 /* Resources */ = {
			isa = PBXResourcesBuildPhase;
			buildActionMask = 2147483647;
			files = (
				4C22833F1B5C7FF2005FED49 /* LaunchScreen.xib in Resources */,
				4C22833C1B5C7FF2005FED49 /* Images.xcassets in Resources */,
				4C2283611B5C9084005FED49 /* LaunchImage.png in Resources */,
				4CEB32451B63283000673D67 /* Main.storyboard in Resources */,
			);
			runOnlyForDeploymentPostprocessing = 0;
		};
		4C2283421B5C7FF2005FED49 /* Resources */ = {
			isa = PBXResourcesBuildPhase;
			buildActionMask = 2147483647;
			files = (
			);
			runOnlyForDeploymentPostprocessing = 0;
		};
/* End PBXResourcesBuildPhase section */

/* Begin PBXSourcesBuildPhase section */
		4C22832B1B5C7FF2005FED49 /* Sources */ = {
			isa = PBXSourcesBuildPhase;
			buildActionMask = 2147483647;
			files = (
				4C2283371B5C7FF2005FED49 /* LogInViewController.swift in Sources */,
				4C2283351B5C7FF2005FED49 /* AppDelegate.swift in Sources */,
				4C2283631B5C9EB0005FED49 /* CustomTextField.swift in Sources */,
				4CE585001B6705250045CBAA /* UdacityLogin.swift in Sources */,
				4CEB32431B631E4400673D67 /* MapViewController.swift in Sources */,
				4CE585071B672B6C0045CBAA /* StudentInformation.swift in Sources */,
				4CE585051B672B310045CBAA /* ParseConstants.swift in Sources */,
				4C6B8EC01B69B02D00F08CC2 /* Student.swift in Sources */,
				4CEB32471B6329C400673D67 /* PinTableViewController.swift in Sources */,
				4CEB32491B6339E100673D67 /* PostingViewController.swift in Sources */,
				4CE585021B67061E0045CBAA /* Constants.swift in Sources */,
				4CE585091B672D1D0045CBAA /* ParseClient.swift in Sources */,
			);
			runOnlyForDeploymentPostprocessing = 0;
		};
		4C2283401B5C7FF2005FED49 /* Sources */ = {
			isa = PBXSourcesBuildPhase;
			buildActionMask = 2147483647;
			files = (
				4C22834B1B5C7FF2005FED49 /* OnTheMapTests.swift in Sources */,
			);
			runOnlyForDeploymentPostprocessing = 0;
		};
/* End PBXSourcesBuildPhase section */

/* Begin PBXTargetDependency section */
		4C2283461B5C7FF2005FED49 /* PBXTargetDependency */ = {
			isa = PBXTargetDependency;
			target = 4C22832E1B5C7FF2005FED49 /* OnTheMap */;
			targetProxy = 4C2283451B5C7FF2005FED49 /* PBXContainerItemProxy */;
		};
/* End PBXTargetDependency section */

/* Begin PBXVariantGroup section */
		4C22833D1B5C7FF2005FED49 /* LaunchScreen.xib */ = {
			isa = PBXVariantGroup;
			children = (
				4C22833E1B5C7FF2005FED49 /* Base */,
			);
			name = LaunchScreen.xib;
			sourceTree = "<group>";
		};
/* End PBXVariantGroup section */

/* Begin XCBuildConfiguration section */
		4C22834C1B5C7FF2005FED49 /* Debug */ = {
			isa = XCBuildConfiguration;
			buildSettings = {
				ALWAYS_SEARCH_USER_PATHS = NO;
				CLANG_CXX_LANGUAGE_STANDARD = "gnu++0x";
				CLANG_CXX_LIBRARY = "libc++";
				CLANG_ENABLE_MODULES = YES;
				CLANG_ENABLE_OBJC_ARC = YES;
				CLANG_WARN_BOOL_CONVERSION = YES;
				CLANG_WARN_CONSTANT_CONVERSION = YES;
				CLANG_WARN_DIRECT_OBJC_ISA_USAGE = YES_ERROR;
				CLANG_WARN_EMPTY_BODY = YES;
				CLANG_WARN_ENUM_CONVERSION = YES;
				CLANG_WARN_INT_CONVERSION = YES;
				CLANG_WARN_OBJC_ROOT_CLASS = YES_ERROR;
				CLANG_WARN_UNREACHABLE_CODE = YES;
				CLANG_WARN__DUPLICATE_METHOD_MATCH = YES;
				"CODE_SIGN_IDENTITY[sdk=iphoneos*]" = "iPhone Developer";
				COPY_PHASE_STRIP = NO;
				DEBUG_INFORMATION_FORMAT = "dwarf-with-dsym";
				ENABLE_STRICT_OBJC_MSGSEND = YES;
				GCC_C_LANGUAGE_STANDARD = gnu99;
				GCC_DYNAMIC_NO_PIC = NO;
				GCC_NO_COMMON_BLOCKS = YES;
				GCC_OPTIMIZATION_LEVEL = 0;
				GCC_PREPROCESSOR_DEFINITIONS = (
					"DEBUG=1",
					"$(inherited)",
				);
				GCC_SYMBOLS_PRIVATE_EXTERN = NO;
				GCC_WARN_64_TO_32_BIT_CONVERSION = YES;
				GCC_WARN_ABOUT_RETURN_TYPE = YES_ERROR;
				GCC_WARN_UNDECLARED_SELECTOR = YES;
				GCC_WARN_UNINITIALIZED_AUTOS = YES_AGGRESSIVE;
				GCC_WARN_UNUSED_FUNCTION = YES;
				GCC_WARN_UNUSED_VARIABLE = YES;
				IPHONEOS_DEPLOYMENT_TARGET = 8.4;
				MTL_ENABLE_DEBUG_INFO = YES;
				ONLY_ACTIVE_ARCH = YES;
				SDKROOT = iphoneos;
				SWIFT_OBJC_BRIDGING_HEADER = OnTheMap/Bridging_Header.h;
				SWIFT_OPTIMIZATION_LEVEL = "-Onone";
			};
			name = Debug;
		};
		4C22834D1B5C7FF2005FED49 /* Release */ = {
			isa = XCBuildConfiguration;
			buildSettings = {
				ALWAYS_SEARCH_USER_PATHS = NO;
				CLANG_CXX_LANGUAGE_STANDARD = "gnu++0x";
				CLANG_CXX_LIBRARY = "libc++";
				CLANG_ENABLE_MODULES = YES;
				CLANG_ENABLE_OBJC_ARC = YES;
				CLANG_WARN_BOOL_CONVERSION = YES;
				CLANG_WARN_CONSTANT_CONVERSION = YES;
				CLANG_WARN_DIRECT_OBJC_ISA_USAGE = YES_ERROR;
				CLANG_WARN_EMPTY_BODY = YES;
				CLANG_WARN_ENUM_CONVERSION = YES;
				CLANG_WARN_INT_CONVERSION = YES;
				CLANG_WARN_OBJC_ROOT_CLASS = YES_ERROR;
				CLANG_WARN_UNREACHABLE_CODE = YES;
				CLANG_WARN__DUPLICATE_METHOD_MATCH = YES;
				"CODE_SIGN_IDENTITY[sdk=iphoneos*]" = "iPhone Developer";
				COPY_PHASE_STRIP = NO;
				DEBUG_INFORMATION_FORMAT = "dwarf-with-dsym";
				ENABLE_NS_ASSERTIONS = NO;
				ENABLE_STRICT_OBJC_MSGSEND = YES;
				GCC_C_LANGUAGE_STANDARD = gnu99;
				GCC_NO_COMMON_BLOCKS = YES;
				GCC_WARN_64_TO_32_BIT_CONVERSION = YES;
				GCC_WARN_ABOUT_RETURN_TYPE = YES_ERROR;
				GCC_WARN_UNDECLARED_SELECTOR = YES;
				GCC_WARN_UNINITIALIZED_AUTOS = YES_AGGRESSIVE;
				GCC_WARN_UNUSED_FUNCTION = YES;
				GCC_WARN_UNUSED_VARIABLE = YES;
				IPHONEOS_DEPLOYMENT_TARGET = 8.4;
				MTL_ENABLE_DEBUG_INFO = NO;
				SDKROOT = iphoneos;
				SWIFT_OBJC_BRIDGING_HEADER = OnTheMap/Bridging_Header.h;
				VALIDATE_PRODUCT = YES;
			};
			name = Release;
		};
		4C22834F1B5C7FF2005FED49 /* Debug */ = {
			isa = XCBuildConfiguration;
			buildSettings = {
				ASSETCATALOG_COMPILER_APPICON_NAME = AppIcon;
				FRAMEWORK_SEARCH_PATHS = (
					"$(inherited)",
					/Users/Michael/Documents/FacebookSDK,
				);
				INFOPLIST_FILE = OnTheMap/Info.plist;
				LD_RUNPATH_SEARCH_PATHS = "$(inherited) @executable_path/Frameworks";
				PRODUCT_NAME = "$(TARGET_NAME)";
				SWIFT_INSTALL_OBJC_HEADER = YES;
				SWIFT_OBJC_BRIDGING_HEADER = OnTheMap/Bridging_Header.h;
			};
			name = Debug;
		};
		4C2283501B5C7FF2005FED49 /* Release */ = {
			isa = XCBuildConfiguration;
			buildSettings = {
				ASSETCATALOG_COMPILER_APPICON_NAME = AppIcon;
				FRAMEWORK_SEARCH_PATHS = (
					"$(inherited)",
					/Users/Michael/Documents/FacebookSDK,
				);
				INFOPLIST_FILE = OnTheMap/Info.plist;
				LD_RUNPATH_SEARCH_PATHS = "$(inherited) @executable_path/Frameworks";
				PRODUCT_NAME = "$(TARGET_NAME)";
				SWIFT_INSTALL_OBJC_HEADER = YES;
				SWIFT_OBJC_BRIDGING_HEADER = OnTheMap/Bridging_Header.h;
			};
			name = Release;
		};
		4C2283521B5C7FF2005FED49 /* Debug */ = {
			isa = XCBuildConfiguration;
			buildSettings = {
				BUNDLE_LOADER = "$(TEST_HOST)";
				FRAMEWORK_SEARCH_PATHS = (
					"$(SDKROOT)/Developer/Library/Frameworks",
					"$(inherited)",
				);
				GCC_PREPROCESSOR_DEFINITIONS = (
					"DEBUG=1",
					"$(inherited)",
				);
				INFOPLIST_FILE = OnTheMapTests/Info.plist;
				LD_RUNPATH_SEARCH_PATHS = "$(inherited) @executable_path/Frameworks @loader_path/Frameworks";
				PRODUCT_NAME = "$(TARGET_NAME)";
				TEST_HOST = "$(BUILT_PRODUCTS_DIR)/OnTheMap.app/OnTheMap";
			};
			name = Debug;
		};
		4C2283531B5C7FF2005FED49 /* Release */ = {
			isa = XCBuildConfiguration;
			buildSettings = {
				BUNDLE_LOADER = "$(TEST_HOST)";
				FRAMEWORK_SEARCH_PATHS = (
					"$(SDKROOT)/Developer/Library/Frameworks",
					"$(inherited)",
				);
				INFOPLIST_FILE = OnTheMapTests/Info.plist;
				LD_RUNPATH_SEARCH_PATHS = "$(inherited) @executable_path/Frameworks @loader_path/Frameworks";
				PRODUCT_NAME = "$(TARGET_NAME)";
				TEST_HOST = "$(BUILT_PRODUCTS_DIR)/OnTheMap.app/OnTheMap";
			};
			name = Release;
		};
/* End XCBuildConfiguration section */

/* Begin XCConfigurationList section */
		4C22832A1B5C7FF2005FED49 /* Build configuration list for PBXProject "OnTheMap" */ = {
			isa = XCConfigurationList;
			buildConfigurations = (
				4C22834C1B5C7FF2005FED49 /* Debug */,
				4C22834D1B5C7FF2005FED49 /* Release */,
			);
			defaultConfigurationIsVisible = 0;
			defaultConfigurationName = Release;
		};
		4C22834E1B5C7FF2005FED49 /* Build configuration list for PBXNativeTarget "OnTheMap" */ = {
			isa = XCConfigurationList;
			buildConfigurations = (
				4C22834F1B5C7FF2005FED49 /* Debug */,
				4C2283501B5C7FF2005FED49 /* Release */,
			);
			defaultConfigurationIsVisible = 0;
			defaultConfigurationName = Release;
		};
		4C2283511B5C7FF2005FED49 /* Build configuration list for PBXNativeTarget "OnTheMapTests" */ = {
			isa = XCConfigurationList;
			buildConfigurations = (
				4C2283521B5C7FF2005FED49 /* Debug */,
				4C2283531B5C7FF2005FED49 /* Release */,
			);
			defaultConfigurationIsVisible = 0;
			defaultConfigurationName = Release;
		};
/* End XCConfigurationList section */
	};
	rootObject = 4C2283271B5C7FF2005FED49 /* Project object */;
}
